// !$*UTF8*$!
{
	archiveVersion = 1;
	classes = {
	};
	objectVersion = 51;
	objects = {

/* Begin PBXBuildFile section */
		64065FE22460FC9C00AF4975 /* XmppManager.m in Sources */ = {isa = PBXBuildFile; fileRef = 64065FE12460FC9C00AF4975 /* XmppManager.m */; };
		64065FE524614DA200AF4975 /* MainTabBarViewController.m in Sources */ = {isa = PBXBuildFile; fileRef = 64065FE424614DA200AF4975 /* MainTabBarViewController.m */; };
		64065FE924614E3C00AF4975 /* LoginInformationModel.m in Sources */ = {isa = PBXBuildFile; fileRef = 64065FE824614E3C00AF4975 /* LoginInformationModel.m */; };
		64065FEE2461519400AF4975 /* AddressViewController.m in Sources */ = {isa = PBXBuildFile; fileRef = 64065FED2461519400AF4975 /* AddressViewController.m */; };
		64065FF2246151F100AF4975 /* ChatRecordViewController.m in Sources */ = {isa = PBXBuildFile; fileRef = 64065FF1246151F100AF4975 /* ChatRecordViewController.m */; };
		64065FF62461522300AF4975 /* ChatRoomViewController.m in Sources */ = {isa = PBXBuildFile; fileRef = 64065FF52461522300AF4975 /* ChatRoomViewController.m */; };
		64093B952460113C00C75DA3 /* AppDelegate.m in Sources */ = {isa = PBXBuildFile; fileRef = 64093B942460113C00C75DA3 /* AppDelegate.m */; };
		64093B9B2460113C00C75DA3 /* Main.storyboard in Resources */ = {isa = PBXBuildFile; fileRef = 64093B992460113C00C75DA3 /* Main.storyboard */; };
		64093B9D2460114300C75DA3 /* Assets.xcassets in Resources */ = {isa = PBXBuildFile; fileRef = 64093B9C2460114300C75DA3 /* Assets.xcassets */; };
		64093BA02460114300C75DA3 /* LaunchScreen.storyboard in Resources */ = {isa = PBXBuildFile; fileRef = 64093B9E2460114300C75DA3 /* LaunchScreen.storyboard */; };
		64093BA32460114300C75DA3 /* main.m in Sources */ = {isa = PBXBuildFile; fileRef = 64093BA22460114300C75DA3 /* main.m */; };
		64093BB02460176C00C75DA3 /* LoginViewController.m in Sources */ = {isa = PBXBuildFile; fileRef = 64093BAF2460176C00C75DA3 /* LoginViewController.m */; };
		85AF33461DC05BE2245B04A6 /* Pods_IMXMPPDemo.framework in Frameworks */ = {isa = PBXBuildFile; fileRef = 65095FAB929153C5791D780A /* Pods_IMXMPPDemo.framework */; };
/* End PBXBuildFile section */

/* Begin PBXFileReference section */
		64065FE02460FC9C00AF4975 /* XmppManager.h */ = {isa = PBXFileReference; lastKnownFileType = sourcecode.c.h; path = XmppManager.h; sourceTree = "<group>"; };
		64065FE12460FC9C00AF4975 /* XmppManager.m */ = {isa = PBXFileReference; lastKnownFileType = sourcecode.c.objc; path = XmppManager.m; sourceTree = "<group>"; };
		64065FE324614DA200AF4975 /* MainTabBarViewController.h */ = {isa = PBXFileReference; lastKnownFileType = sourcecode.c.h; path = MainTabBarViewController.h; sourceTree = "<group>"; };
		64065FE424614DA200AF4975 /* MainTabBarViewController.m */ = {isa = PBXFileReference; lastKnownFileType = sourcecode.c.objc; path = MainTabBarViewController.m; sourceTree = "<group>"; };
		64065FE724614E3C00AF4975 /* LoginInformationModel.h */ = {isa = PBXFileReference; lastKnownFileType = sourcecode.c.h; path = LoginInformationModel.h; sourceTree = "<group>"; };
		64065FE824614E3C00AF4975 /* LoginInformationModel.m */ = {isa = PBXFileReference; lastKnownFileType = sourcecode.c.objc; path = LoginInformationModel.m; sourceTree = "<group>"; };
		64065FEC2461519400AF4975 /* AddressViewController.h */ = {isa = PBXFileReference; lastKnownFileType = sourcecode.c.h; path = AddressViewController.h; sourceTree = "<group>"; };
		64065FED2461519400AF4975 /* AddressViewController.m */ = {isa = PBXFileReference; lastKnownFileType = sourcecode.c.objc; path = AddressViewController.m; sourceTree = "<group>"; };
		64065FF0246151F100AF4975 /* ChatRecordViewController.h */ = {isa = PBXFileReference; lastKnownFileType = sourcecode.c.h; path = ChatRecordViewController.h; sourceTree = "<group>"; };
		64065FF1246151F100AF4975 /* ChatRecordViewController.m */ = {isa = PBXFileReference; lastKnownFileType = sourcecode.c.objc; path = ChatRecordViewController.m; sourceTree = "<group>"; };
		64065FF42461522300AF4975 /* ChatRoomViewController.h */ = {isa = PBXFileReference; lastKnownFileType = sourcecode.c.h; path = ChatRoomViewController.h; sourceTree = "<group>"; };
		64065FF52461522300AF4975 /* ChatRoomViewController.m */ = {isa = PBXFileReference; lastKnownFileType = sourcecode.c.objc; path = ChatRoomViewController.m; sourceTree = "<group>"; };
		64093B902460113C00C75DA3 /* IMXMPPDemo.app */ = {isa = PBXFileReference; explicitFileType = wrapper.application; includeInIndex = 0; path = IMXMPPDemo.app; sourceTree = BUILT_PRODUCTS_DIR; };
		64093B932460113C00C75DA3 /* AppDelegate.h */ = {isa = PBXFileReference; lastKnownFileType = sourcecode.c.h; path = AppDelegate.h; sourceTree = "<group>"; };
		64093B942460113C00C75DA3 /* AppDelegate.m */ = {isa = PBXFileReference; lastKnownFileType = sourcecode.c.objc; path = AppDelegate.m; sourceTree = "<group>"; };
		64093B9A2460113C00C75DA3 /* Base */ = {isa = PBXFileReference; lastKnownFileType = file.storyboard; name = Base; path = Base.lproj/Main.storyboard; sourceTree = "<group>"; };
		64093B9C2460114300C75DA3 /* Assets.xcassets */ = {isa = PBXFileReference; lastKnownFileType = folder.assetcatalog; path = Assets.xcassets; sourceTree = "<group>"; };
		64093B9F2460114300C75DA3 /* Base */ = {isa = PBXFileReference; lastKnownFileType = file.storyboard; name = Base; path = Base.lproj/LaunchScreen.storyboard; sourceTree = "<group>"; };
		64093BA12460114300C75DA3 /* Info.plist */ = {isa = PBXFileReference; lastKnownFileType = text.plist.xml; path = Info.plist; sourceTree = "<group>"; };
		64093BA22460114300C75DA3 /* main.m */ = {isa = PBXFileReference; lastKnownFileType = sourcecode.c.objc; path = main.m; sourceTree = "<group>"; };
		64093BAA246013E900C75DA3 /* IM-Prefix.pch */ = {isa = PBXFileReference; lastKnownFileType = sourcecode.c.h; path = "IM-Prefix.pch"; sourceTree = "<group>"; };
		64093BAC246014C500C75DA3 /* constants.h */ = {isa = PBXFileReference; lastKnownFileType = sourcecode.c.h; path = constants.h; sourceTree = "<group>"; };
		64093BAE2460176C00C75DA3 /* LoginViewController.h */ = {isa = PBXFileReference; lastKnownFileType = sourcecode.c.h; path = LoginViewController.h; sourceTree = "<group>"; };
		64093BAF2460176C00C75DA3 /* LoginViewController.m */ = {isa = PBXFileReference; lastKnownFileType = sourcecode.c.objc; path = LoginViewController.m; sourceTree = "<group>"; };
		65095FAB929153C5791D780A /* Pods_IMXMPPDemo.framework */ = {isa = PBXFileReference; explicitFileType = wrapper.framework; includeInIndex = 0; path = Pods_IMXMPPDemo.framework; sourceTree = BUILT_PRODUCTS_DIR; };
		68AE98748654903ADA77D050 /* Pods-IMXMPPDemo.release.xcconfig */ = {isa = PBXFileReference; includeInIndex = 1; lastKnownFileType = text.xcconfig; name = "Pods-IMXMPPDemo.release.xcconfig"; path = "Target Support Files/Pods-IMXMPPDemo/Pods-IMXMPPDemo.release.xcconfig"; sourceTree = "<group>"; };
		91276AE7DC66FE3F484D82D5 /* Pods-IMXMPPDemo.debug.xcconfig */ = {isa = PBXFileReference; includeInIndex = 1; lastKnownFileType = text.xcconfig; name = "Pods-IMXMPPDemo.debug.xcconfig"; path = "Target Support Files/Pods-IMXMPPDemo/Pods-IMXMPPDemo.debug.xcconfig"; sourceTree = "<group>"; };
/* End PBXFileReference section */

/* Begin PBXFrameworksBuildPhase section */
		64093B8D2460113C00C75DA3 /* Frameworks */ = {
			isa = PBXFrameworksBuildPhase;
			buildActionMask = 2147483647;
			files = (
				85AF33461DC05BE2245B04A6 /* Pods_IMXMPPDemo.framework in Frameworks */,
			);
			runOnlyForDeploymentPostprocessing = 0;
		};
/* End PBXFrameworksBuildPhase section */

/* Begin PBXGroup section */
		400F7A17EE3C9E11AC14FF9B /* Pods */ = {
			isa = PBXGroup;
			children = (
				91276AE7DC66FE3F484D82D5 /* Pods-IMXMPPDemo.debug.xcconfig */,
				68AE98748654903ADA77D050 /* Pods-IMXMPPDemo.release.xcconfig */,
			);
			path = Pods;
			sourceTree = "<group>";
		};
		64065FDF2460FC0900AF4975 /* Xmpp */ = {
			isa = PBXGroup;
			children = (
				64065FE02460FC9C00AF4975 /* XmppManager.h */,
				64065FE12460FC9C00AF4975 /* XmppManager.m */,
			);
			path = Xmpp;
			sourceTree = "<group>";
		};
		64065FE624614DAF00AF4975 /* Model */ = {
			isa = PBXGroup;
			children = (
				64065FE724614E3C00AF4975 /* LoginInformationModel.h */,
				64065FE824614E3C00AF4975 /* LoginInformationModel.m */,
			);
			path = Model;
			sourceTree = "<group>";
		};
		64065FEA2461514600AF4975 /* Address */ = {
			isa = PBXGroup;
			children = (
				64065FEC2461519400AF4975 /* AddressViewController.h */,
				64065FED2461519400AF4975 /* AddressViewController.m */,
			);
			path = Address;
			sourceTree = "<group>";
		};
		64065FEB2461516500AF4975 /* Chat */ = {
			isa = PBXGroup;
			children = (
				64065FF3246151FB00AF4975 /* ChatRoom */,
				64065FEF246151B800AF4975 /* ChatRecord */,
			);
			path = Chat;
			sourceTree = "<group>";
		};
		64065FEF246151B800AF4975 /* ChatRecord */ = {
			isa = PBXGroup;
			children = (
				64065FF0246151F100AF4975 /* ChatRecordViewController.h */,
				64065FF1246151F100AF4975 /* ChatRecordViewController.m */,
			);
			path = ChatRecord;
			sourceTree = "<group>";
		};
		64065FF3246151FB00AF4975 /* ChatRoom */ = {
			isa = PBXGroup;
			children = (
				64065FF42461522300AF4975 /* ChatRoomViewController.h */,
				64065FF52461522300AF4975 /* ChatRoomViewController.m */,
			);
			path = ChatRoom;
			sourceTree = "<group>";
		};
		64093B872460113C00C75DA3 = {
			isa = PBXGroup;
			children = (
				64093B922460113C00C75DA3 /* IMXMPPDemo */,
				64093B912460113C00C75DA3 /* Products */,
				400F7A17EE3C9E11AC14FF9B /* Pods */,
				E6DF606EE9C229478DC1DEA1 /* Frameworks */,
			);
			sourceTree = "<group>";
		};
		64093B912460113C00C75DA3 /* Products */ = {
			isa = PBXGroup;
			children = (
				64093B902460113C00C75DA3 /* IMXMPPDemo.app */,
			);
			name = Products;
			sourceTree = "<group>";
		};
		64093B922460113C00C75DA3 /* IMXMPPDemo */ = {
			isa = PBXGroup;
			children = (
				64093BAD246016CB00C75DA3 /* Login */,
				64093BAB2460149E00C75DA3 /* CommonFiles */,
				64065FEB2461516500AF4975 /* Chat */,
				64065FEA2461514600AF4975 /* Address */,
				64065FDF2460FC0900AF4975 /* Xmpp */,
				64093BA92460139000C75DA3 /* SupportFiles */,
				64093B932460113C00C75DA3 /* AppDelegate.h */,
				64093B942460113C00C75DA3 /* AppDelegate.m */,
				64093B992460113C00C75DA3 /* Main.storyboard */,
				64093B9C2460114300C75DA3 /* Assets.xcassets */,
				64093B9E2460114300C75DA3 /* LaunchScreen.storyboard */,
				64093BA12460114300C75DA3 /* Info.plist */,
				64093BA22460114300C75DA3 /* main.m */,
				64065FE324614DA200AF4975 /* MainTabBarViewController.h */,
				64065FE424614DA200AF4975 /* MainTabBarViewController.m */,
			);
			path = IMXMPPDemo;
			sourceTree = "<group>";
		};
		64093BA92460139000C75DA3 /* SupportFiles */ = {
			isa = PBXGroup;
			children = (
				64093BAA246013E900C75DA3 /* IM-Prefix.pch */,
			);
			path = SupportFiles;
			sourceTree = "<group>";
		};
		64093BAB2460149E00C75DA3 /* CommonFiles */ = {
			isa = PBXGroup;
			children = (
				64093BAC246014C500C75DA3 /* constants.h */,
			);
			path = CommonFiles;
			sourceTree = "<group>";
		};
		64093BAD246016CB00C75DA3 /* Login */ = {
			isa = PBXGroup;
			children = (
				64065FE624614DAF00AF4975 /* Model */,
				64093BAE2460176C00C75DA3 /* LoginViewController.h */,
				64093BAF2460176C00C75DA3 /* LoginViewController.m */,
			);
			path = Login;
			sourceTree = "<group>";
		};
		E6DF606EE9C229478DC1DEA1 /* Frameworks */ = {
			isa = PBXGroup;
			children = (
				65095FAB929153C5791D780A /* Pods_IMXMPPDemo.framework */,
			);
			name = Frameworks;
			sourceTree = "<group>";
		};
/* End PBXGroup section */

/* Begin PBXNativeTarget section */
		64093B8F2460113C00C75DA3 /* IMXMPPDemo */ = {
			isa = PBXNativeTarget;
			buildConfigurationList = 64093BA62460114300C75DA3 /* Build configuration list for PBXNativeTarget "IMXMPPDemo" */;
			buildPhases = (
				5EE5171A0F42571C317BF853 /* [CP] Check Pods Manifest.lock */,
				64093B8C2460113C00C75DA3 /* Sources */,
				64093B8D2460113C00C75DA3 /* Frameworks */,
				64093B8E2460113C00C75DA3 /* Resources */,
				0A712B6ECC099D395FD8AACD /* [CP] Embed Pods Frameworks */,
			);
			buildRules = (
			);
			dependencies = (
			);
			name = IMXMPPDemo;
			productName = IMXMPPDemo;
			productReference = 64093B902460113C00C75DA3 /* IMXMPPDemo.app */;
			productType = "com.apple.product-type.application";
		};
/* End PBXNativeTarget section */

/* Begin PBXProject section */
		64093B882460113C00C75DA3 /* Project object */ = {
			isa = PBXProject;
			attributes = {
				LastUpgradeCheck = 1030;
				ORGANIZATIONNAME = PersonalONBYL;
				TargetAttributes = {
					64093B8F2460113C00C75DA3 = {
						CreatedOnToolsVersion = 10.3;
					};
				};
			};
			buildConfigurationList = 64093B8B2460113C00C75DA3 /* Build configuration list for PBXProject "IMXMPPDemo" */;
			compatibilityVersion = "Xcode 9.3";
			developmentRegion = en;
			hasScannedForEncodings = 0;
			knownRegions = (
				en,
				Base,
			);
			mainGroup = 64093B872460113C00C75DA3;
			productRefGroup = 64093B912460113C00C75DA3 /* Products */;
			projectDirPath = "";
			projectRoot = "";
			targets = (
				64093B8F2460113C00C75DA3 /* IMXMPPDemo */,
			);
		};
/* End PBXProject section */

/* Begin PBXResourcesBuildPhase section */
		64093B8E2460113C00C75DA3 /* Resources */ = {
			isa = PBXResourcesBuildPhase;
			buildActionMask = 2147483647;
			files = (
				64093BA02460114300C75DA3 /* LaunchScreen.storyboard in Resources */,
				64093B9D2460114300C75DA3 /* Assets.xcassets in Resources */,
				64093B9B2460113C00C75DA3 /* Main.storyboard in Resources */,
			);
			runOnlyForDeploymentPostprocessing = 0;
		};
/* End PBXResourcesBuildPhase section */

/* Begin PBXShellScriptBuildPhase section */
		0A712B6ECC099D395FD8AACD /* [CP] Embed Pods Frameworks */ = {
			isa = PBXShellScriptBuildPhase;
			buildActionMask = 2147483647;
			files = (
			);
			inputFileListPaths = (
				"${PODS_ROOT}/Target Support Files/Pods-IMXMPPDemo/Pods-IMXMPPDemo-frameworks-${CONFIGURATION}-input-files.xcfilelist",
			);
			name = "[CP] Embed Pods Frameworks";
			outputFileListPaths = (
				"${PODS_ROOT}/Target Support Files/Pods-IMXMPPDemo/Pods-IMXMPPDemo-frameworks-${CONFIGURATION}-output-files.xcfilelist",
			);
			runOnlyForDeploymentPostprocessing = 0;
			shellPath = /bin/sh;
			shellScript = "\"${PODS_ROOT}/Target Support Files/Pods-IMXMPPDemo/Pods-IMXMPPDemo-frameworks.sh\"\n";
			showEnvVarsInLog = 0;
		};
		5EE5171A0F42571C317BF853 /* [CP] Check Pods Manifest.lock */ = {
			isa = PBXShellScriptBuildPhase;
			buildActionMask = 2147483647;
			files = (
			);
			inputFileListPaths = (
			);
			inputPaths = (
				"${PODS_PODFILE_DIR_PATH}/Podfile.lock",
				"${PODS_ROOT}/Manifest.lock",
			);
			name = "[CP] Check Pods Manifest.lock";
			outputFileListPaths = (
			);
			outputPaths = (
				"$(DERIVED_FILE_DIR)/Pods-IMXMPPDemo-checkManifestLockResult.txt",
			);
			runOnlyForDeploymentPostprocessing = 0;
			shellPath = /bin/sh;
			shellScript = "diff \"${PODS_PODFILE_DIR_PATH}/Podfile.lock\" \"${PODS_ROOT}/Manifest.lock\" > /dev/null\nif [ $? != 0 ] ; then\n    # print error to STDERR\n    echo \"error: The sandbox is not in sync with the Podfile.lock. Run 'pod install' or update your CocoaPods installation.\" >&2\n    exit 1\nfi\n# This output is used by Xcode 'outputs' to avoid re-running this script phase.\necho \"SUCCESS\" > \"${SCRIPT_OUTPUT_FILE_0}\"\n";
			showEnvVarsInLog = 0;
		};
/* End PBXShellScriptBuildPhase section */

/* Begin PBXSourcesBuildPhase section */
		64093B8C2460113C00C75DA3 /* Sources */ = {
			isa = PBXSourcesBuildPhase;
			buildActionMask = 2147483647;
			files = (
				64065FE22460FC9C00AF4975 /* XmppManager.m in Sources */,
				64065FF2246151F100AF4975 /* ChatRecordViewController.m in Sources */,
				64093BB02460176C00C75DA3 /* LoginViewController.m in Sources */,
				64065FE924614E3C00AF4975 /* LoginInformationModel.m in Sources */,
				64065FE524614DA200AF4975 /* MainTabBarViewController.m in Sources */,
				64093BA32460114300C75DA3 /* main.m in Sources */,
				64093B952460113C00C75DA3 /* AppDelegate.m in Sources */,
				64065FEE2461519400AF4975 /* AddressViewController.m in Sources */,
				64065FF62461522300AF4975 /* ChatRoomViewController.m in Sources */,
			);
			runOnlyForDeploymentPostprocessing = 0;
		};
/* End PBXSourcesBuildPhase section */

/* Begin PBXVariantGroup section */
		64093B992460113C00C75DA3 /* Main.storyboard */ = {
			isa = PBXVariantGroup;
			children = (
				64093B9A2460113C00C75DA3 /* Base */,
			);
			name = Main.storyboard;
			sourceTree = "<group>";
		};
		64093B9E2460114300C75DA3 /* LaunchScreen.storyboard */ = {
			isa = PBXVariantGroup;
			children = (
				64093B9F2460114300C75DA3 /* Base */,
			);
			name = LaunchScreen.storyboard;
			sourceTree = "<group>";
		};
/* End PBXVariantGroup section */

/* Begin XCBuildConfiguration section */
		64093BA42460114300C75DA3 /* Debug */ = {
			isa = XCBuildConfiguration;
			buildSettings = {
				ALWAYS_SEARCH_USER_PATHS = NO;
				CLANG_ANALYZER_NONNULL = YES;
				CLANG_ANALYZER_NUMBER_OBJECT_CONVERSION = YES_AGGRESSIVE;
				CLANG_CXX_LANGUAGE_STANDARD = "gnu++14";
				CLANG_CXX_LIBRARY = "libc++";
				CLANG_ENABLE_MODULES = YES;
				CLANG_ENABLE_OBJC_ARC = YES;
				CLANG_ENABLE_OBJC_WEAK = YES;
				CLANG_WARN_BLOCK_CAPTURE_AUTORELEASING = YES;
				CLANG_WARN_BOOL_CONVERSION = YES;
				CLANG_WARN_COMMA = YES;
				CLANG_WARN_CONSTANT_CONVERSION = YES;
				CLANG_WARN_DEPRECATED_OBJC_IMPLEMENTATIONS = YES;
				CLANG_WARN_DIRECT_OBJC_ISA_USAGE = YES_ERROR;
				CLANG_WARN_DOCUMENTATION_COMMENTS = YES;
				CLANG_WARN_EMPTY_BODY = YES;
				CLANG_WARN_ENUM_CONVERSION = YES;
				CLANG_WARN_INFINITE_RECURSION = YES;
				CLANG_WARN_INT_CONVERSION = YES;
				CLANG_WARN_NON_LITERAL_NULL_CONVERSION = YES;
				CLANG_WARN_OBJC_IMPLICIT_RETAIN_SELF = YES;
				CLANG_WARN_OBJC_LITERAL_CONVERSION = YES;
				CLANG_WARN_OBJC_ROOT_CLASS = YES_ERROR;
				CLANG_WARN_RANGE_LOOP_ANALYSIS = YES;
				CLANG_WARN_STRICT_PROTOTYPES = YES;
				CLANG_WARN_SUSPICIOUS_MOVE = YES;
				CLANG_WARN_UNGUARDED_AVAILABILITY = YES_AGGRESSIVE;
				CLANG_WARN_UNREACHABLE_CODE = YES;
				CLANG_WARN__DUPLICATE_METHOD_MATCH = YES;
				CODE_SIGN_IDENTITY = "iPhone Developer";
				COPY_PHASE_STRIP = NO;
				DEBUG_INFORMATION_FORMAT = dwarf;
				ENABLE_STRICT_OBJC_MSGSEND = YES;
				ENABLE_TESTABILITY = YES;
				GCC_C_LANGUAGE_STANDARD = gnu11;
				GCC_DYNAMIC_NO_PIC = NO;
				GCC_NO_COMMON_BLOCKS = YES;
				GCC_OPTIMIZATION_LEVEL = 0;
				GCC_PREPROCESSOR_DEFINITIONS = (
					"DEBUG=1",
					"$(inherited)",
				);
				GCC_WARN_64_TO_32_BIT_CONVERSION = YES;
				GCC_WARN_ABOUT_RETURN_TYPE = YES_ERROR;
				GCC_WARN_UNDECLARED_SELECTOR = YES;
				GCC_WARN_UNINITIALIZED_AUTOS = YES_AGGRESSIVE;
				GCC_WARN_UNUSED_FUNCTION = YES;
				GCC_WARN_UNUSED_VARIABLE = YES;
				IPHONEOS_DEPLOYMENT_TARGET = 9.0;
				MTL_ENABLE_DEBUG_INFO = INCLUDE_SOURCE;
				MTL_FAST_MATH = YES;
				ONLY_ACTIVE_ARCH = YES;
				SDKROOT = iphoneos;
			};
			name = Debug;
		};
		64093BA52460114300C75DA3 /* Release */ = {
			isa = XCBuildConfiguration;
			buildSettings = {
				ALWAYS_SEARCH_USER_PATHS = NO;
				CLANG_ANALYZER_NONNULL = YES;
				CLANG_ANALYZER_NUMBER_OBJECT_CONVERSION = YES_AGGRESSIVE;
				CLANG_CXX_LANGUAGE_STANDARD = "gnu++14";
				CLANG_CXX_LIBRARY = "libc++";
				CLANG_ENABLE_MODULES = YES;
				CLANG_ENABLE_OBJC_ARC = YES;
				CLANG_ENABLE_OBJC_WEAK = YES;
				CLANG_WARN_BLOCK_CAPTURE_AUTORELEASING = YES;
				CLANG_WARN_BOOL_CONVERSION = YES;
				CLANG_WARN_COMMA = YES;
				CLANG_WARN_CONSTANT_CONVERSION = YES;
				CLANG_WARN_DEPRECATED_OBJC_IMPLEMENTATIONS = YES;
				CLANG_WARN_DIRECT_OBJC_ISA_USAGE = YES_ERROR;
				CLANG_WARN_DOCUMENTATION_COMMENTS = YES;
				CLANG_WARN_EMPTY_BODY = YES;
				CLANG_WARN_ENUM_CONVERSION = YES;
				CLANG_WARN_INFINITE_RECURSION = YES;
				CLANG_WARN_INT_CONVERSION = YES;
				CLANG_WARN_NON_LITERAL_NULL_CONVERSION = YES;
				CLANG_WARN_OBJC_IMPLICIT_RETAIN_SELF = YES;
				CLANG_WARN_OBJC_LITERAL_CONVERSION = YES;
				CLANG_WARN_OBJC_ROOT_CLASS = YES_ERROR;
				CLANG_WARN_RANGE_LOOP_ANALYSIS = YES;
				CLANG_WARN_STRICT_PROTOTYPES = YES;
				CLANG_WARN_SUSPICIOUS_MOVE = YES;
				CLANG_WARN_UNGUARDED_AVAILABILITY = YES_AGGRESSIVE;
				CLANG_WARN_UNREACHABLE_CODE = YES;
				CLANG_WARN__DUPLICATE_METHOD_MATCH = YES;
				CODE_SIGN_IDENTITY = "iPhone Developer";
				COPY_PHASE_STRIP = NO;
				DEBUG_INFORMATION_FORMAT = "dwarf-with-dsym";
				ENABLE_NS_ASSERTIONS = NO;
				ENABLE_STRICT_OBJC_MSGSEND = YES;
				GCC_C_LANGUAGE_STANDARD = gnu11;
				GCC_NO_COMMON_BLOCKS = YES;
				GCC_WARN_64_TO_32_BIT_CONVERSION = YES;
				GCC_WARN_ABOUT_RETURN_TYPE = YES_ERROR;
				GCC_WARN_UNDECLARED_SELECTOR = YES;
				GCC_WARN_UNINITIALIZED_AUTOS = YES_AGGRESSIVE;
				GCC_WARN_UNUSED_FUNCTION = YES;
				GCC_WARN_UNUSED_VARIABLE = YES;
				IPHONEOS_DEPLOYMENT_TARGET = 9.0;
				MTL_ENABLE_DEBUG_INFO = NO;
				MTL_FAST_MATH = YES;
				SDKROOT = iphoneos;
				VALIDATE_PRODUCT = YES;
			};
			name = Release;
		};
		64093BA72460114300C75DA3 /* Debug */ = {
			isa = XCBuildConfiguration;
			baseConfigurationReference = 91276AE7DC66FE3F484D82D5 /* Pods-IMXMPPDemo.debug.xcconfig */;
			buildSettings = {
				ASSETCATALOG_COMPILER_APPICON_NAME = AppIcon;
				CODE_SIGN_STYLE = Automatic;
				DEVELOPMENT_TEAM = 7YYRDAUH4V;
				GCC_PRECOMPILE_PREFIX_HEADER = YES;
				GCC_PREFIX_HEADER = "$(SRCROOT)/IMXMPPDemo/SupportFiles/IM-Prefix.pch";
				INFOPLIST_FILE = IMXMPPDemo/Info.plist;
				LD_RUNPATH_SEARCH_PATHS = (
					"$(inherited)",
					"@executable_path/Frameworks",
				);
				PRODUCT_BUNDLE_IDENTIFIER = com.PersonalONBYL.IMXMPPDemo;
				PRODUCT_NAME = "$(TARGET_NAME)";
				TARGETED_DEVICE_FAMILY = "1,2";
			};
			name = Debug;
		};
		64093BA82460114300C75DA3 /* Release */ = {
			isa = XCBuildConfiguration;
			baseConfigurationReference = 68AE98748654903ADA77D050 /* Pods-IMXMPPDemo.release.xcconfig */;
			buildSettings = {
				ASSETCATALOG_COMPILER_APPICON_NAME = AppIcon;
				CODE_SIGN_STYLE = Automatic;
				DEVELOPMENT_TEAM = 7YYRDAUH4V;
				GCC_PRECOMPILE_PREFIX_HEADER = YES;
				GCC_PREFIX_HEADER = "$(SRCROOT)/IMXMPPDemo/SupportFiles/IM-Prefix.pch";
				INFOPLIST_FILE = IMXMPPDemo/Info.plist;
				LD_RUNPATH_SEARCH_PATHS = (
					"$(inherited)",
					"@executable_path/Frameworks",
				);
				PRODUCT_BUNDLE_IDENTIFIER = com.PersonalONBYL.IMXMPPDemo;
				PRODUCT_NAME = "$(TARGET_NAME)";
				TARGETED_DEVICE_FAMILY = "1,2";
			};
			name = Release;
		};
/* End XCBuildConfiguration section */

/* Begin XCConfigurationList section */
		64093B8B2460113C00C75DA3 /* Build configuration list for PBXProject "IMXMPPDemo" */ = {
			isa = XCConfigurationList;
			buildConfigurations = (
				64093BA42460114300C75DA3 /* Debug */,
				64093BA52460114300C75DA3 /* Release */,
			);
			defaultConfigurationIsVisible = 0;
			defaultConfigurationName = Release;
		};
		64093BA62460114300C75DA3 /* Build configuration list for PBXNativeTarget "IMXMPPDemo" */ = {
			isa = XCConfigurationList;
			buildConfigurations = (
				64093BA72460114300C75DA3 /* Debug */,
				64093BA82460114300C75DA3 /* Release */,
			);
			defaultConfigurationIsVisible = 0;
			defaultConfigurationName = Release;
		};
/* End XCConfigurationList section */
	};
	rootObject = 64093B882460113C00C75DA3 /* Project object */;
}
