// !$*UTF8*$!
{
	archiveVersion = 1;
	classes = {
	};
	objectVersion = 51;
	objects = {

/* Begin PBXBuildFile section */
		64065FE22460FC9C00AF4975 /* XmppManager.m in Sources */ = {isa = PBXBuildFile; fileRef = 64065FE12460FC9C00AF4975 /* XmppManager.m */; };
		64065FE524614DA200AF4975 /* MainTabBarViewController.m in Sources */ = {isa = PBXBuildFile; fileRef = 64065FE424614DA200AF4975 /* MainTabBarViewController.m */; };
		64065FEE2461519400AF4975 /* AddressViewController.m in Sources */ = {isa = PBXBuildFile; fileRef = 64065FED2461519400AF4975 /* AddressViewController.m */; };
		6406605D24615F1700AF4975 /* ChatRecordCell.m in Sources */ = {isa = PBXBuildFile; fileRef = 6406604424615F1700AF4975 /* ChatRecordCell.m */; };
		6406605E24615F1700AF4975 /* ChatRecordModel.m in Sources */ = {isa = PBXBuildFile; fileRef = 6406604824615F1700AF4975 /* ChatRecordModel.m */; };
		6406605F24615F1700AF4975 /* ChatRecordViewController.m in Sources */ = {isa = PBXBuildFile; fileRef = 6406604924615F1700AF4975 /* ChatRecordViewController.m */; };
		6406606024615F1700AF4975 /* ChatRoomMenuView.m in Sources */ = {isa = PBXBuildFile; fileRef = 6406604E24615F1700AF4975 /* ChatRoomMenuView.m */; };
		6406606124615F1700AF4975 /* CollectionViewCell.m in Sources */ = {isa = PBXBuildFile; fileRef = 6406605124615F1700AF4975 /* CollectionViewCell.m */; };
		6406606224615F1700AF4975 /* CollectionViewFlowLayout.m in Sources */ = {isa = PBXBuildFile; fileRef = 6406605224615F1700AF4975 /* CollectionViewFlowLayout.m */; };
		6406606324615F1700AF4975 /* ChatRoomTextCell.m in Sources */ = {isa = PBXBuildFile; fileRef = 6406605424615F1700AF4975 /* ChatRoomTextCell.m */; };
		6406606424615F1700AF4975 /* SuperChatRoomCell.m in Sources */ = {isa = PBXBuildFile; fileRef = 6406605824615F1700AF4975 /* SuperChatRoomCell.m */; };
		6406606524615F1700AF4975 /* ChatRoomViewController.m in Sources */ = {isa = PBXBuildFile; fileRef = 6406605924615F1700AF4975 /* ChatRoomViewController.m */; };
		6406606624615F1700AF4975 /* ChatRoomModel.m in Sources */ = {isa = PBXBuildFile; fileRef = 6406605B24615F1700AF4975 /* ChatRoomModel.m */; };
		6406606B24615FA800AF4975 /* CommonMethods.m in Sources */ = {isa = PBXBuildFile; fileRef = 6406606724615FA800AF4975 /* CommonMethods.m */; };
		6406606C24615FA800AF4975 /* CommonComponentMethods.m in Sources */ = {isa = PBXBuildFile; fileRef = 6406606A24615FA800AF4975 /* CommonComponentMethods.m */; };
		6406606F24615FE000AF4975 /* FMDBOperation.m in Sources */ = {isa = PBXBuildFile; fileRef = 6406606E24615FE000AF4975 /* FMDBOperation.m */; };
		6406607624615FEF00AF4975 /* KeyboardView.m in Sources */ = {isa = PBXBuildFile; fileRef = 6406607124615FEF00AF4975 /* KeyboardView.m */; };
		6406607724615FEF00AF4975 /* CustomTextView.m in Sources */ = {isa = PBXBuildFile; fileRef = 6406607324615FEF00AF4975 /* CustomTextView.m */; };
		64093B952460113C00C75DA3 /* AppDelegate.m in Sources */ = {isa = PBXBuildFile; fileRef = 64093B942460113C00C75DA3 /* AppDelegate.m */; };
		64093B9B2460113C00C75DA3 /* Main.storyboard in Resources */ = {isa = PBXBuildFile; fileRef = 64093B992460113C00C75DA3 /* Main.storyboard */; };
		64093B9D2460114300C75DA3 /* Assets.xcassets in Resources */ = {isa = PBXBuildFile; fileRef = 64093B9C2460114300C75DA3 /* Assets.xcassets */; };
		64093BA02460114300C75DA3 /* LaunchScreen.storyboard in Resources */ = {isa = PBXBuildFile; fileRef = 64093B9E2460114300C75DA3 /* LaunchScreen.storyboard */; };
		64093BA32460114300C75DA3 /* main.m in Sources */ = {isa = PBXBuildFile; fileRef = 64093BA22460114300C75DA3 /* main.m */; };
		64093BB02460176C00C75DA3 /* LoginViewController.m in Sources */ = {isa = PBXBuildFile; fileRef = 64093BAF2460176C00C75DA3 /* LoginViewController.m */; };
		6421896424A04059008C0154 /* ChatRoomPictureCell.m in Sources */ = {isa = PBXBuildFile; fileRef = 6421896324A04059008C0154 /* ChatRoomPictureCell.m */; };
		643B15D924A1F170006F0B57 /* ImageScrollViewController.m in Sources */ = {isa = PBXBuildFile; fileRef = 643B15D824A1F170006F0B57 /* ImageScrollViewController.m */; };
		6470596A246946E9005CEF12 /* DetailInformationViewController.m in Sources */ = {isa = PBXBuildFile; fileRef = 64705968246946E9005CEF12 /* DetailInformationViewController.m */; };
		6470597224694724005CEF12 /* SuperAddressCell.m in Sources */ = {isa = PBXBuildFile; fileRef = 6470596F24694724005CEF12 /* SuperAddressCell.m */; };
		6470597324694724005CEF12 /* AddressTableViewCell.m in Sources */ = {isa = PBXBuildFile; fileRef = 6470597024694724005CEF12 /* AddressTableViewCell.m */; };
		6470597424694724005CEF12 /* AddressSideView.m in Sources */ = {isa = PBXBuildFile; fileRef = 6470597124694724005CEF12 /* AddressSideView.m */; };
		6470597824694749005CEF12 /* AddressDataModel.m in Sources */ = {isa = PBXBuildFile; fileRef = 6470597624694749005CEF12 /* AddressDataModel.m */; };
		6470597C2469475E005CEF12 /* AddressSegmentView.m in Sources */ = {isa = PBXBuildFile; fileRef = 6470597A2469475E005CEF12 /* AddressSegmentView.m */; };
		6470AE85246CDB5B008426F0 /* CreateGroupChatViewController.m in Sources */ = {isa = PBXBuildFile; fileRef = 6470AE84246CDB5B008426F0 /* CreateGroupChatViewController.m */; };
		6470AE89246CDE19008426F0 /* CreateGroupChatCell.m in Sources */ = {isa = PBXBuildFile; fileRef = 6470AE88246CDE19008426F0 /* CreateGroupChatCell.m */; };
		6471216724629D4A0078423F /* RosterListModel.m in Sources */ = {isa = PBXBuildFile; fileRef = 6471216624629D4A0078423F /* RosterListModel.m */; };
		6471216B2462AB220078423F /* XMLReader.m in Sources */ = {isa = PBXBuildFile; fileRef = 6471216A2462AB220078423F /* XMLReader.m */; };
		647166522463948600A64520 /* AddFriendViewController.m in Sources */ = {isa = PBXBuildFile; fileRef = 647166512463948600A64520 /* AddFriendViewController.m */; };
		6471665C24639C3900A64520 /* SearchFriends.m in Sources */ = {isa = PBXBuildFile; fileRef = 6471665B24639C3900A64520 /* SearchFriends.m */; };
		647166602463A56600A64520 /* AddFriendCell.m in Sources */ = {isa = PBXBuildFile; fileRef = 6471665F2463A56600A64520 /* AddFriendCell.m */; };
		6472B5332491BD9400F7FD17 /* UserAuthorization.m in Sources */ = {isa = PBXBuildFile; fileRef = 6472B5322491BD9400F7FD17 /* UserAuthorization.m */; };
		6487B278248E118B00C7029B /* IPManager.m in Sources */ = {isa = PBXBuildFile; fileRef = 6487B277248E118B00C7029B /* IPManager.m */; };
		6487B27C248E281700C7029B /* CustomCollectionView.m in Sources */ = {isa = PBXBuildFile; fileRef = 6487B27B248E281700C7029B /* CustomCollectionView.m */; };
		6487B280248E331900C7029B /* CustomCollectionViewCell.m in Sources */ = {isa = PBXBuildFile; fileRef = 6487B27F248E331900C7029B /* CustomCollectionViewCell.m */; };
		64B07B8E24878DDC00031530 /* AudioRecorder.m in Sources */ = {isa = PBXBuildFile; fileRef = 64B07B8D24878DDB00031530 /* AudioRecorder.m */; };
		64B07B9124879B3600031530 /* ChatRoomAudioCell.m in Sources */ = {isa = PBXBuildFile; fileRef = 64B07B9024879B3600031530 /* ChatRoomAudioCell.m */; };
		64CD63672499F0B4007F78FF /* UIImage+ImageCompressionTool.m in Sources */ = {isa = PBXBuildFile; fileRef = 64CD63662499F0B4007F78FF /* UIImage+ImageCompressionTool.m */; };
		85AF33461DC05BE2245B04A6 /* Pods_IMXMPPDemo.framework in Frameworks */ = {isa = PBXBuildFile; fileRef = 65095FAB929153C5791D780A /* Pods_IMXMPPDemo.framework */; };
/* End PBXBuildFile section */

/* Begin PBXFileReference section */
		64065FE02460FC9C00AF4975 /* XmppManager.h */ = {isa = PBXFileReference; lastKnownFileType = sourcecode.c.h; path = XmppManager.h; sourceTree = "<group>"; };
		64065FE12460FC9C00AF4975 /* XmppManager.m */ = {isa = PBXFileReference; lastKnownFileType = sourcecode.c.objc; path = XmppManager.m; sourceTree = "<group>"; };
		64065FE324614DA200AF4975 /* MainTabBarViewController.h */ = {isa = PBXFileReference; lastKnownFileType = sourcecode.c.h; path = MainTabBarViewController.h; sourceTree = "<group>"; };
		64065FE424614DA200AF4975 /* MainTabBarViewController.m */ = {isa = PBXFileReference; lastKnownFileType = sourcecode.c.objc; path = MainTabBarViewController.m; sourceTree = "<group>"; };
		64065FEC2461519400AF4975 /* AddressViewController.h */ = {isa = PBXFileReference; lastKnownFileType = sourcecode.c.h; path = AddressViewController.h; sourceTree = "<group>"; };
		64065FED2461519400AF4975 /* AddressViewController.m */ = {isa = PBXFileReference; lastKnownFileType = sourcecode.c.objc; path = AddressViewController.m; sourceTree = "<group>"; };
		6406604324615F1700AF4975 /* ChatRecordCell.h */ = {isa = PBXFileReference; fileEncoding = 4; lastKnownFileType = sourcecode.c.h; path = ChatRecordCell.h; sourceTree = "<group>"; };
		6406604424615F1700AF4975 /* ChatRecordCell.m */ = {isa = PBXFileReference; fileEncoding = 4; lastKnownFileType = sourcecode.c.objc; path = ChatRecordCell.m; sourceTree = "<group>"; };
		6406604524615F1700AF4975 /* ChatRecordViewController.h */ = {isa = PBXFileReference; fileEncoding = 4; lastKnownFileType = sourcecode.c.h; path = ChatRecordViewController.h; sourceTree = "<group>"; };
		6406604724615F1700AF4975 /* ChatRecordModel.h */ = {isa = PBXFileReference; fileEncoding = 4; lastKnownFileType = sourcecode.c.h; path = ChatRecordModel.h; sourceTree = "<group>"; };
		6406604824615F1700AF4975 /* ChatRecordModel.m */ = {isa = PBXFileReference; fileEncoding = 4; lastKnownFileType = sourcecode.c.objc; path = ChatRecordModel.m; sourceTree = "<group>"; };
		6406604924615F1700AF4975 /* ChatRecordViewController.m */ = {isa = PBXFileReference; fileEncoding = 4; lastKnownFileType = sourcecode.c.objc; path = ChatRecordViewController.m; sourceTree = "<group>"; };
		6406604B24615F1700AF4975 /* ChatRoomViewController.h */ = {isa = PBXFileReference; fileEncoding = 4; lastKnownFileType = sourcecode.c.h; path = ChatRoomViewController.h; sourceTree = "<group>"; };
		6406604D24615F1700AF4975 /* CollectionViewCell.h */ = {isa = PBXFileReference; fileEncoding = 4; lastKnownFileType = sourcecode.c.h; path = CollectionViewCell.h; sourceTree = "<group>"; };
		6406604E24615F1700AF4975 /* ChatRoomMenuView.m */ = {isa = PBXFileReference; fileEncoding = 4; lastKnownFileType = sourcecode.c.objc; path = ChatRoomMenuView.m; sourceTree = "<group>"; };
		6406604F24615F1700AF4975 /* CollectionViewFlowLayout.h */ = {isa = PBXFileReference; fileEncoding = 4; lastKnownFileType = sourcecode.c.h; path = CollectionViewFlowLayout.h; sourceTree = "<group>"; };
		6406605024615F1700AF4975 /* ChatRoomMenuView.h */ = {isa = PBXFileReference; fileEncoding = 4; lastKnownFileType = sourcecode.c.h; path = ChatRoomMenuView.h; sourceTree = "<group>"; };
		6406605124615F1700AF4975 /* CollectionViewCell.m */ = {isa = PBXFileReference; fileEncoding = 4; lastKnownFileType = sourcecode.c.objc; path = CollectionViewCell.m; sourceTree = "<group>"; };
		6406605224615F1700AF4975 /* CollectionViewFlowLayout.m */ = {isa = PBXFileReference; fileEncoding = 4; lastKnownFileType = sourcecode.c.objc; path = CollectionViewFlowLayout.m; sourceTree = "<group>"; };
		6406605424615F1700AF4975 /* ChatRoomTextCell.m */ = {isa = PBXFileReference; fileEncoding = 4; lastKnownFileType = sourcecode.c.objc; path = ChatRoomTextCell.m; sourceTree = "<group>"; };
		6406605524615F1700AF4975 /* SuperChatRoomCell.h */ = {isa = PBXFileReference; fileEncoding = 4; lastKnownFileType = sourcecode.c.h; path = SuperChatRoomCell.h; sourceTree = "<group>"; };
		6406605624615F1700AF4975 /* ChatRoomDelegate.h */ = {isa = PBXFileReference; fileEncoding = 4; lastKnownFileType = sourcecode.c.h; path = ChatRoomDelegate.h; sourceTree = "<group>"; };
		6406605724615F1700AF4975 /* ChatRoomTextCell.h */ = {isa = PBXFileReference; fileEncoding = 4; lastKnownFileType = sourcecode.c.h; path = ChatRoomTextCell.h; sourceTree = "<group>"; };
		6406605824615F1700AF4975 /* SuperChatRoomCell.m */ = {isa = PBXFileReference; fileEncoding = 4; lastKnownFileType = sourcecode.c.objc; path = SuperChatRoomCell.m; sourceTree = "<group>"; };
		6406605924615F1700AF4975 /* ChatRoomViewController.m */ = {isa = PBXFileReference; fileEncoding = 4; lastKnownFileType = sourcecode.c.objc; path = ChatRoomViewController.m; sourceTree = "<group>"; };
		6406605B24615F1700AF4975 /* ChatRoomModel.m */ = {isa = PBXFileReference; fileEncoding = 4; lastKnownFileType = sourcecode.c.objc; path = ChatRoomModel.m; sourceTree = "<group>"; };
		6406605C24615F1700AF4975 /* ChatRoomModel.h */ = {isa = PBXFileReference; fileEncoding = 4; lastKnownFileType = sourcecode.c.h; path = ChatRoomModel.h; sourceTree = "<group>"; };
		6406606724615FA800AF4975 /* CommonMethods.m */ = {isa = PBXFileReference; fileEncoding = 4; lastKnownFileType = sourcecode.c.objc; path = CommonMethods.m; sourceTree = "<group>"; };
		6406606824615FA800AF4975 /* CommonComponentMethods.h */ = {isa = PBXFileReference; fileEncoding = 4; lastKnownFileType = sourcecode.c.h; path = CommonComponentMethods.h; sourceTree = "<group>"; };
		6406606924615FA800AF4975 /* CommonMethods.h */ = {isa = PBXFileReference; fileEncoding = 4; lastKnownFileType = sourcecode.c.h; path = CommonMethods.h; sourceTree = "<group>"; };
		6406606A24615FA800AF4975 /* CommonComponentMethods.m */ = {isa = PBXFileReference; fileEncoding = 4; lastKnownFileType = sourcecode.c.objc; path = CommonComponentMethods.m; sourceTree = "<group>"; };
		6406606D24615FE000AF4975 /* FMDBOperation.h */ = {isa = PBXFileReference; fileEncoding = 4; lastKnownFileType = sourcecode.c.h; path = FMDBOperation.h; sourceTree = "<group>"; };
		6406606E24615FE000AF4975 /* FMDBOperation.m */ = {isa = PBXFileReference; fileEncoding = 4; lastKnownFileType = sourcecode.c.objc; path = FMDBOperation.m; sourceTree = "<group>"; };
		6406607124615FEF00AF4975 /* KeyboardView.m */ = {isa = PBXFileReference; fileEncoding = 4; lastKnownFileType = sourcecode.c.objc; path = KeyboardView.m; sourceTree = "<group>"; };
		6406607324615FEF00AF4975 /* CustomTextView.m */ = {isa = PBXFileReference; fileEncoding = 4; lastKnownFileType = sourcecode.c.objc; path = CustomTextView.m; sourceTree = "<group>"; };
		6406607424615FEF00AF4975 /* CustomTextView.h */ = {isa = PBXFileReference; fileEncoding = 4; lastKnownFileType = sourcecode.c.h; path = CustomTextView.h; sourceTree = "<group>"; };
		6406607524615FEF00AF4975 /* KeyboardView.h */ = {isa = PBXFileReference; fileEncoding = 4; lastKnownFileType = sourcecode.c.h; path = KeyboardView.h; sourceTree = "<group>"; };
		64093B902460113C00C75DA3 /* XMPP即时通讯.app */ = {isa = PBXFileReference; explicitFileType = wrapper.application; includeInIndex = 0; path = "XMPP即时通讯.app"; sourceTree = BUILT_PRODUCTS_DIR; };
		64093B932460113C00C75DA3 /* AppDelegate.h */ = {isa = PBXFileReference; lastKnownFileType = sourcecode.c.h; path = AppDelegate.h; sourceTree = "<group>"; };
		64093B942460113C00C75DA3 /* AppDelegate.m */ = {isa = PBXFileReference; lastKnownFileType = sourcecode.c.objc; path = AppDelegate.m; sourceTree = "<group>"; };
		64093B9A2460113C00C75DA3 /* Base */ = {isa = PBXFileReference; lastKnownFileType = file.storyboard; name = Base; path = Base.lproj/Main.storyboard; sourceTree = "<group>"; };
		64093B9C2460114300C75DA3 /* Assets.xcassets */ = {isa = PBXFileReference; lastKnownFileType = folder.assetcatalog; path = Assets.xcassets; sourceTree = "<group>"; };
		64093B9F2460114300C75DA3 /* Base */ = {isa = PBXFileReference; lastKnownFileType = file.storyboard; name = Base; path = Base.lproj/LaunchScreen.storyboard; sourceTree = "<group>"; };
		64093BA12460114300C75DA3 /* Info.plist */ = {isa = PBXFileReference; lastKnownFileType = text.plist.xml; path = Info.plist; sourceTree = "<group>"; };
		64093BA22460114300C75DA3 /* main.m */ = {isa = PBXFileReference; lastKnownFileType = sourcecode.c.objc; path = main.m; sourceTree = "<group>"; };
		64093BAA246013E900C75DA3 /* IM-Prefix.pch */ = {isa = PBXFileReference; lastKnownFileType = sourcecode.c.h; path = "IM-Prefix.pch"; sourceTree = "<group>"; };
		64093BAC246014C500C75DA3 /* constants.h */ = {isa = PBXFileReference; lastKnownFileType = sourcecode.c.h; path = constants.h; sourceTree = "<group>"; };
		64093BAE2460176C00C75DA3 /* LoginViewController.h */ = {isa = PBXFileReference; lastKnownFileType = sourcecode.c.h; path = LoginViewController.h; sourceTree = "<group>"; };
		64093BAF2460176C00C75DA3 /* LoginViewController.m */ = {isa = PBXFileReference; lastKnownFileType = sourcecode.c.objc; path = LoginViewController.m; sourceTree = "<group>"; };
		6421896224A04059008C0154 /* ChatRoomPictureCell.h */ = {isa = PBXFileReference; lastKnownFileType = sourcecode.c.h; path = ChatRoomPictureCell.h; sourceTree = "<group>"; };
		6421896324A04059008C0154 /* ChatRoomPictureCell.m */ = {isa = PBXFileReference; lastKnownFileType = sourcecode.c.objc; path = ChatRoomPictureCell.m; sourceTree = "<group>"; };
		643B15D724A1F170006F0B57 /* ImageScrollViewController.h */ = {isa = PBXFileReference; lastKnownFileType = sourcecode.c.h; path = ImageScrollViewController.h; sourceTree = "<group>"; };
		643B15D824A1F170006F0B57 /* ImageScrollViewController.m */ = {isa = PBXFileReference; lastKnownFileType = sourcecode.c.objc; path = ImageScrollViewController.m; sourceTree = "<group>"; };
		64705966246946E9005CEF12 /* DetailInformationViewController.h */ = {isa = PBXFileReference; fileEncoding = 4; lastKnownFileType = sourcecode.c.h; path = DetailInformationViewController.h; sourceTree = "<group>"; };
		64705968246946E9005CEF12 /* DetailInformationViewController.m */ = {isa = PBXFileReference; fileEncoding = 4; lastKnownFileType = sourcecode.c.objc; path = DetailInformationViewController.m; sourceTree = "<group>"; };
		6470596C24694724005CEF12 /* AddressTableViewCell.h */ = {isa = PBXFileReference; fileEncoding = 4; lastKnownFileType = sourcecode.c.h; path = AddressTableViewCell.h; sourceTree = "<group>"; };
		6470596D24694724005CEF12 /* SuperAddressCell.h */ = {isa = PBXFileReference; fileEncoding = 4; lastKnownFileType = sourcecode.c.h; path = SuperAddressCell.h; sourceTree = "<group>"; };
		6470596E24694724005CEF12 /* AddressSideView.h */ = {isa = PBXFileReference; fileEncoding = 4; lastKnownFileType = sourcecode.c.h; path = AddressSideView.h; sourceTree = "<group>"; };
		6470596F24694724005CEF12 /* SuperAddressCell.m */ = {isa = PBXFileReference; fileEncoding = 4; lastKnownFileType = sourcecode.c.objc; path = SuperAddressCell.m; sourceTree = "<group>"; };
		6470597024694724005CEF12 /* AddressTableViewCell.m */ = {isa = PBXFileReference; fileEncoding = 4; lastKnownFileType = sourcecode.c.objc; path = AddressTableViewCell.m; sourceTree = "<group>"; };
		6470597124694724005CEF12 /* AddressSideView.m */ = {isa = PBXFileReference; fileEncoding = 4; lastKnownFileType = sourcecode.c.objc; path = AddressSideView.m; sourceTree = "<group>"; };
		6470597624694749005CEF12 /* AddressDataModel.m */ = {isa = PBXFileReference; fileEncoding = 4; lastKnownFileType = sourcecode.c.objc; path = AddressDataModel.m; sourceTree = "<group>"; };
		6470597724694749005CEF12 /* AddressDataModel.h */ = {isa = PBXFileReference; fileEncoding = 4; lastKnownFileType = sourcecode.c.h; path = AddressDataModel.h; sourceTree = "<group>"; };
		6470597A2469475E005CEF12 /* AddressSegmentView.m */ = {isa = PBXFileReference; fileEncoding = 4; lastKnownFileType = sourcecode.c.objc; path = AddressSegmentView.m; sourceTree = "<group>"; };
		6470597B2469475E005CEF12 /* AddressSegmentView.h */ = {isa = PBXFileReference; fileEncoding = 4; lastKnownFileType = sourcecode.c.h; path = AddressSegmentView.h; sourceTree = "<group>"; };
		6470AE83246CDB5B008426F0 /* CreateGroupChatViewController.h */ = {isa = PBXFileReference; lastKnownFileType = sourcecode.c.h; path = CreateGroupChatViewController.h; sourceTree = "<group>"; };
		6470AE84246CDB5B008426F0 /* CreateGroupChatViewController.m */ = {isa = PBXFileReference; lastKnownFileType = sourcecode.c.objc; path = CreateGroupChatViewController.m; sourceTree = "<group>"; };
		6470AE87246CDE19008426F0 /* CreateGroupChatCell.h */ = {isa = PBXFileReference; lastKnownFileType = sourcecode.c.h; path = CreateGroupChatCell.h; sourceTree = "<group>"; };
		6470AE88246CDE19008426F0 /* CreateGroupChatCell.m */ = {isa = PBXFileReference; lastKnownFileType = sourcecode.c.objc; path = CreateGroupChatCell.m; sourceTree = "<group>"; };
		6471216524629D4A0078423F /* RosterListModel.h */ = {isa = PBXFileReference; lastKnownFileType = sourcecode.c.h; path = RosterListModel.h; sourceTree = "<group>"; };
		6471216624629D4A0078423F /* RosterListModel.m */ = {isa = PBXFileReference; lastKnownFileType = sourcecode.c.objc; path = RosterListModel.m; sourceTree = "<group>"; };
		647121692462AB220078423F /* XMLReader.h */ = {isa = PBXFileReference; lastKnownFileType = sourcecode.c.h; path = XMLReader.h; sourceTree = "<group>"; };
		6471216A2462AB220078423F /* XMLReader.m */ = {isa = PBXFileReference; lastKnownFileType = sourcecode.c.objc; path = XMLReader.m; sourceTree = "<group>"; };
		647166502463948600A64520 /* AddFriendViewController.h */ = {isa = PBXFileReference; lastKnownFileType = sourcecode.c.h; path = AddFriendViewController.h; sourceTree = "<group>"; };
		647166512463948600A64520 /* AddFriendViewController.m */ = {isa = PBXFileReference; lastKnownFileType = sourcecode.c.objc; path = AddFriendViewController.m; sourceTree = "<group>"; };
		6471665A24639C3900A64520 /* SearchFriends.h */ = {isa = PBXFileReference; lastKnownFileType = sourcecode.c.h; path = SearchFriends.h; sourceTree = "<group>"; };
		6471665B24639C3900A64520 /* SearchFriends.m */ = {isa = PBXFileReference; lastKnownFileType = sourcecode.c.objc; path = SearchFriends.m; sourceTree = "<group>"; };
		6471665E2463A56600A64520 /* AddFriendCell.h */ = {isa = PBXFileReference; lastKnownFileType = sourcecode.c.h; path = AddFriendCell.h; sourceTree = "<group>"; };
		6471665F2463A56600A64520 /* AddFriendCell.m */ = {isa = PBXFileReference; lastKnownFileType = sourcecode.c.objc; path = AddFriendCell.m; sourceTree = "<group>"; };
		6472B5312491BD9400F7FD17 /* UserAuthorization.h */ = {isa = PBXFileReference; lastKnownFileType = sourcecode.c.h; path = UserAuthorization.h; sourceTree = "<group>"; };
		6472B5322491BD9400F7FD17 /* UserAuthorization.m */ = {isa = PBXFileReference; lastKnownFileType = sourcecode.c.objc; path = UserAuthorization.m; sourceTree = "<group>"; };
		6487B276248E118B00C7029B /* IPManager.h */ = {isa = PBXFileReference; lastKnownFileType = sourcecode.c.h; path = IPManager.h; sourceTree = "<group>"; };
		6487B277248E118B00C7029B /* IPManager.m */ = {isa = PBXFileReference; lastKnownFileType = sourcecode.c.objc; path = IPManager.m; sourceTree = "<group>"; };
		6487B27A248E281700C7029B /* CustomCollectionView.h */ = {isa = PBXFileReference; lastKnownFileType = sourcecode.c.h; path = CustomCollectionView.h; sourceTree = "<group>"; };
		6487B27B248E281700C7029B /* CustomCollectionView.m */ = {isa = PBXFileReference; lastKnownFileType = sourcecode.c.objc; path = CustomCollectionView.m; sourceTree = "<group>"; };
		6487B27E248E331900C7029B /* CustomCollectionViewCell.h */ = {isa = PBXFileReference; lastKnownFileType = sourcecode.c.h; path = CustomCollectionViewCell.h; sourceTree = "<group>"; };
		6487B27F248E331900C7029B /* CustomCollectionViewCell.m */ = {isa = PBXFileReference; lastKnownFileType = sourcecode.c.objc; path = CustomCollectionViewCell.m; sourceTree = "<group>"; };
		64B07B8C24878DDB00031530 /* AudioRecorder.h */ = {isa = PBXFileReference; fileEncoding = 4; lastKnownFileType = sourcecode.c.h; path = AudioRecorder.h; sourceTree = "<group>"; };
		64B07B8D24878DDB00031530 /* AudioRecorder.m */ = {isa = PBXFileReference; fileEncoding = 4; lastKnownFileType = sourcecode.c.objc; path = AudioRecorder.m; sourceTree = "<group>"; };
		64B07B8F24879B3600031530 /* ChatRoomAudioCell.h */ = {isa = PBXFileReference; lastKnownFileType = sourcecode.c.h; path = ChatRoomAudioCell.h; sourceTree = "<group>"; };
		64B07B9024879B3600031530 /* ChatRoomAudioCell.m */ = {isa = PBXFileReference; lastKnownFileType = sourcecode.c.objc; path = ChatRoomAudioCell.m; sourceTree = "<group>"; };
		64CD63652499F0B4007F78FF /* UIImage+ImageCompressionTool.h */ = {isa = PBXFileReference; lastKnownFileType = sourcecode.c.h; path = "UIImage+ImageCompressionTool.h"; sourceTree = "<group>"; };
		64CD63662499F0B4007F78FF /* UIImage+ImageCompressionTool.m */ = {isa = PBXFileReference; lastKnownFileType = sourcecode.c.objc; path = "UIImage+ImageCompressionTool.m"; sourceTree = "<group>"; };
		65095FAB929153C5791D780A /* Pods_IMXMPPDemo.framework */ = {isa = PBXFileReference; explicitFileType = wrapper.framework; includeInIndex = 0; path = Pods_IMXMPPDemo.framework; sourceTree = BUILT_PRODUCTS_DIR; };
		68AE98748654903ADA77D050 /* Pods-IMXMPPDemo.release.xcconfig */ = {isa = PBXFileReference; includeInIndex = 1; lastKnownFileType = text.xcconfig; name = "Pods-IMXMPPDemo.release.xcconfig"; path = "Target Support Files/Pods-IMXMPPDemo/Pods-IMXMPPDemo.release.xcconfig"; sourceTree = "<group>"; };
		91276AE7DC66FE3F484D82D5 /* Pods-IMXMPPDemo.debug.xcconfig */ = {isa = PBXFileReference; includeInIndex = 1; lastKnownFileType = text.xcconfig; name = "Pods-IMXMPPDemo.debug.xcconfig"; path = "Target Support Files/Pods-IMXMPPDemo/Pods-IMXMPPDemo.debug.xcconfig"; sourceTree = "<group>"; };
/* End PBXFileReference section */

/* Begin PBXFrameworksBuildPhase section */
		64093B8D2460113C00C75DA3 /* Frameworks */ = {
			isa = PBXFrameworksBuildPhase;
			buildActionMask = 2147483647;
			files = (
				85AF33461DC05BE2245B04A6 /* Pods_IMXMPPDemo.framework in Frameworks */,
			);
			runOnlyForDeploymentPostprocessing = 0;
		};
/* End PBXFrameworksBuildPhase section */

/* Begin PBXGroup section */
		400F7A17EE3C9E11AC14FF9B /* Pods */ = {
			isa = PBXGroup;
			children = (
				91276AE7DC66FE3F484D82D5 /* Pods-IMXMPPDemo.debug.xcconfig */,
				68AE98748654903ADA77D050 /* Pods-IMXMPPDemo.release.xcconfig */,
			);
			path = Pods;
			sourceTree = "<group>";
		};
		64065FDF2460FC0900AF4975 /* Xmpp */ = {
			isa = PBXGroup;
			children = (
				647121682462AAF20078423F /* CustomerTool */,
				64065FE02460FC9C00AF4975 /* XmppManager.h */,
				64065FE12460FC9C00AF4975 /* XmppManager.m */,
			);
			path = Xmpp;
			sourceTree = "<group>";
		};
		64065FE624614DAF00AF4975 /* Model */ = {
			isa = PBXGroup;
			children = (
			);
			path = Model;
			sourceTree = "<group>";
		};
		64065FEA2461514600AF4975 /* Address */ = {
			isa = PBXGroup;
			children = (
				647059792469475E005CEF12 /* AddressCustomView */,
				6470597524694749005CEF12 /* AddressModel */,
				6470596B24694724005CEF12 /* AddressCell */,
				64705965246946E9005CEF12 /* AddressOtherViews */,
				6471664F2463944C00A64520 /* AddFriend */,
				64065FEC2461519400AF4975 /* AddressViewController.h */,
				64065FED2461519400AF4975 /* AddressViewController.m */,
			);
			path = Address;
			sourceTree = "<group>";
		};
		6406604024615F1700AF4975 /* Chat */ = {
			isa = PBXGroup;
			children = (
				6470AE82246CDA68008426F0 /* GroupChat */,
				6406604124615F1700AF4975 /* ChatRecord */,
				6406604A24615F1700AF4975 /* ChatRoom */,
			);
			path = Chat;
			sourceTree = "<group>";
		};
		6406604124615F1700AF4975 /* ChatRecord */ = {
			isa = PBXGroup;
			children = (
				6406604624615F1700AF4975 /* ChatRecordModel */,
				6406604224615F1700AF4975 /* ChatRecordCell */,
				6406604524615F1700AF4975 /* ChatRecordViewController.h */,
				6406604924615F1700AF4975 /* ChatRecordViewController.m */,
			);
			path = ChatRecord;
			sourceTree = "<group>";
		};
		6406604224615F1700AF4975 /* ChatRecordCell */ = {
			isa = PBXGroup;
			children = (
				6406604324615F1700AF4975 /* ChatRecordCell.h */,
				6406604424615F1700AF4975 /* ChatRecordCell.m */,
			);
			path = ChatRecordCell;
			sourceTree = "<group>";
		};
		6406604624615F1700AF4975 /* ChatRecordModel */ = {
			isa = PBXGroup;
			children = (
				6406604724615F1700AF4975 /* ChatRecordModel.h */,
				6406604824615F1700AF4975 /* ChatRecordModel.m */,
			);
			path = ChatRecordModel;
			sourceTree = "<group>";
		};
		6406604A24615F1700AF4975 /* ChatRoom */ = {
			isa = PBXGroup;
			children = (
				6406604C24615F1700AF4975 /* ChatRoomMenuView */,
				6406605A24615F1700AF4975 /* ChatRoomModel */,
				6406605324615F1700AF4975 /* ChatRoomCell */,
				6406604B24615F1700AF4975 /* ChatRoomViewController.h */,
				6406605924615F1700AF4975 /* ChatRoomViewController.m */,
			);
			path = ChatRoom;
			sourceTree = "<group>";
		};
		6406604C24615F1700AF4975 /* ChatRoomMenuView */ = {
			isa = PBXGroup;
			children = (
				6406604D24615F1700AF4975 /* CollectionViewCell.h */,
				6406605124615F1700AF4975 /* CollectionViewCell.m */,
				6406605024615F1700AF4975 /* ChatRoomMenuView.h */,
				6406604E24615F1700AF4975 /* ChatRoomMenuView.m */,
				6406604F24615F1700AF4975 /* CollectionViewFlowLayout.h */,
				6406605224615F1700AF4975 /* CollectionViewFlowLayout.m */,
			);
			path = ChatRoomMenuView;
			sourceTree = "<group>";
		};
		6406605324615F1700AF4975 /* ChatRoomCell */ = {
			isa = PBXGroup;
			children = (
				6406605624615F1700AF4975 /* ChatRoomDelegate.h */,
				6406605524615F1700AF4975 /* SuperChatRoomCell.h */,
				6406605824615F1700AF4975 /* SuperChatRoomCell.m */,
				6406605724615F1700AF4975 /* ChatRoomTextCell.h */,
				6406605424615F1700AF4975 /* ChatRoomTextCell.m */,
				64B07B8F24879B3600031530 /* ChatRoomAudioCell.h */,
				64B07B9024879B3600031530 /* ChatRoomAudioCell.m */,
				6421896224A04059008C0154 /* ChatRoomPictureCell.h */,
				6421896324A04059008C0154 /* ChatRoomPictureCell.m */,
			);
			path = ChatRoomCell;
			sourceTree = "<group>";
		};
		6406605A24615F1700AF4975 /* ChatRoomModel */ = {
			isa = PBXGroup;
			children = (
				6406605C24615F1700AF4975 /* ChatRoomModel.h */,
				6406605B24615F1700AF4975 /* ChatRoomModel.m */,
			);
			path = ChatRoomModel;
			sourceTree = "<group>";
		};
		6406607024615FEF00AF4975 /* Keyboard */ = {
			isa = PBXGroup;
			children = (
				6406607524615FEF00AF4975 /* KeyboardView.h */,
				6406607124615FEF00AF4975 /* KeyboardView.m */,
				6406607224615FEF00AF4975 /* CustomView */,
			);
			path = Keyboard;
			sourceTree = "<group>";
		};
		6406607224615FEF00AF4975 /* CustomView */ = {
			isa = PBXGroup;
			children = (
				6487B279248E27BE00C7029B /* CustomCollectionView */,
				6406607424615FEF00AF4975 /* CustomTextView.h */,
				6406607324615FEF00AF4975 /* CustomTextView.m */,
			);
			path = CustomView;
			sourceTree = "<group>";
		};
		64093B872460113C00C75DA3 = {
			isa = PBXGroup;
			children = (
				64093B922460113C00C75DA3 /* IMXMPPDemo */,
				64093B912460113C00C75DA3 /* Products */,
				400F7A17EE3C9E11AC14FF9B /* Pods */,
				E6DF606EE9C229478DC1DEA1 /* Frameworks */,
			);
			sourceTree = "<group>";
		};
		64093B912460113C00C75DA3 /* Products */ = {
			isa = PBXGroup;
			children = (
				64093B902460113C00C75DA3 /* XMPP即时通讯.app */,
			);
			name = Products;
			sourceTree = "<group>";
		};
		64093B922460113C00C75DA3 /* IMXMPPDemo */ = {
			isa = PBXGroup;
			children = (
				6487B269248DEF2D00C7029B /* Tools */,
				64093BAB2460149E00C75DA3 /* CommonFiles */,
				64065FDF2460FC0900AF4975 /* Xmpp */,
				64093BAD246016CB00C75DA3 /* Login */,
				64065FEA2461514600AF4975 /* Address */,
				6406604024615F1700AF4975 /* Chat */,
				64093BA92460139000C75DA3 /* SupportFiles */,
				64093B932460113C00C75DA3 /* AppDelegate.h */,
				64093B942460113C00C75DA3 /* AppDelegate.m */,
				64065FE324614DA200AF4975 /* MainTabBarViewController.h */,
				64065FE424614DA200AF4975 /* MainTabBarViewController.m */,
				64093B992460113C00C75DA3 /* Main.storyboard */,
				64093B9C2460114300C75DA3 /* Assets.xcassets */,
				64093B9E2460114300C75DA3 /* LaunchScreen.storyboard */,
				64093BA12460114300C75DA3 /* Info.plist */,
				64093BA22460114300C75DA3 /* main.m */,
			);
			path = IMXMPPDemo;
			sourceTree = "<group>";
		};
		64093BA92460139000C75DA3 /* SupportFiles */ = {
			isa = PBXGroup;
			children = (
				64093BAA246013E900C75DA3 /* IM-Prefix.pch */,
			);
			path = SupportFiles;
			sourceTree = "<group>";
		};
		64093BAB2460149E00C75DA3 /* CommonFiles */ = {
			isa = PBXGroup;
			children = (
				643B15D624A1F105006F0B57 /* ImageScrollView */,
				64B07B8B24878DDB00031530 /* AudioRecorder */,
				64093BAC246014C500C75DA3 /* constants.h */,
				6471216424629D140078423F /* Model */,
				6406607024615FEF00AF4975 /* Keyboard */,
				6406606D24615FE000AF4975 /* FMDBOperation.h */,
				6406606E24615FE000AF4975 /* FMDBOperation.m */,
				6406606824615FA800AF4975 /* CommonComponentMethods.h */,
				6406606A24615FA800AF4975 /* CommonComponentMethods.m */,
				6406606924615FA800AF4975 /* CommonMethods.h */,
				6406606724615FA800AF4975 /* CommonMethods.m */,
				6472B5312491BD9400F7FD17 /* UserAuthorization.h */,
				6472B5322491BD9400F7FD17 /* UserAuthorization.m */,
			);
			path = CommonFiles;
			sourceTree = "<group>";
		};
		64093BAD246016CB00C75DA3 /* Login */ = {
			isa = PBXGroup;
			children = (
				64065FE624614DAF00AF4975 /* Model */,
				64093BAE2460176C00C75DA3 /* LoginViewController.h */,
				64093BAF2460176C00C75DA3 /* LoginViewController.m */,
			);
			path = Login;
			sourceTree = "<group>";
		};
		643B15D624A1F105006F0B57 /* ImageScrollView */ = {
			isa = PBXGroup;
			children = (
				643B15D724A1F170006F0B57 /* ImageScrollViewController.h */,
				643B15D824A1F170006F0B57 /* ImageScrollViewController.m */,
			);
			path = ImageScrollView;
			sourceTree = "<group>";
		};
		64705965246946E9005CEF12 /* AddressOtherViews */ = {
			isa = PBXGroup;
			children = (
				64705966246946E9005CEF12 /* DetailInformationViewController.h */,
				64705968246946E9005CEF12 /* DetailInformationViewController.m */,
			);
			path = AddressOtherViews;
			sourceTree = "<group>";
		};
		6470596B24694724005CEF12 /* AddressCell */ = {
			isa = PBXGroup;
			children = (
				6470596D24694724005CEF12 /* SuperAddressCell.h */,
				6470596F24694724005CEF12 /* SuperAddressCell.m */,
				6470596E24694724005CEF12 /* AddressSideView.h */,
				6470597124694724005CEF12 /* AddressSideView.m */,
				6470596C24694724005CEF12 /* AddressTableViewCell.h */,
				6470597024694724005CEF12 /* AddressTableViewCell.m */,
			);
			path = AddressCell;
			sourceTree = "<group>";
		};
		6470597524694749005CEF12 /* AddressModel */ = {
			isa = PBXGroup;
			children = (
				6470597724694749005CEF12 /* AddressDataModel.h */,
				6470597624694749005CEF12 /* AddressDataModel.m */,
			);
			path = AddressModel;
			sourceTree = "<group>";
		};
		647059792469475E005CEF12 /* AddressCustomView */ = {
			isa = PBXGroup;
			children = (
				6470597B2469475E005CEF12 /* AddressSegmentView.h */,
				6470597A2469475E005CEF12 /* AddressSegmentView.m */,
			);
			path = AddressCustomView;
			sourceTree = "<group>";
		};
		6470AE82246CDA68008426F0 /* GroupChat */ = {
			isa = PBXGroup;
			children = (
				6470AE86246CDDC2008426F0 /* CreateGroupChatCell */,
				6470AE83246CDB5B008426F0 /* CreateGroupChatViewController.h */,
				6470AE84246CDB5B008426F0 /* CreateGroupChatViewController.m */,
			);
			path = GroupChat;
			sourceTree = "<group>";
		};
		6470AE86246CDDC2008426F0 /* CreateGroupChatCell */ = {
			isa = PBXGroup;
			children = (
				6470AE87246CDE19008426F0 /* CreateGroupChatCell.h */,
				6470AE88246CDE19008426F0 /* CreateGroupChatCell.m */,
			);
			path = CreateGroupChatCell;
			sourceTree = "<group>";
		};
		6471216424629D140078423F /* Model */ = {
			isa = PBXGroup;
			children = (
				6471216524629D4A0078423F /* RosterListModel.h */,
				6471216624629D4A0078423F /* RosterListModel.m */,
			);
			path = Model;
			sourceTree = "<group>";
		};
		647121682462AAF20078423F /* CustomerTool */ = {
			isa = PBXGroup;
			children = (
				647121692462AB220078423F /* XMLReader.h */,
				6471216A2462AB220078423F /* XMLReader.m */,
			);
			path = CustomerTool;
			sourceTree = "<group>";
		};
		6471664F2463944C00A64520 /* AddFriend */ = {
			isa = PBXGroup;
			children = (
				6471665D2463A51900A64520 /* AddFriendCell */,
				6471665324639B2F00A64520 /* SearchFriends */,
				647166502463948600A64520 /* AddFriendViewController.h */,
				647166512463948600A64520 /* AddFriendViewController.m */,
			);
			path = AddFriend;
			sourceTree = "<group>";
		};
		6471665324639B2F00A64520 /* SearchFriends */ = {
			isa = PBXGroup;
			children = (
				6471665A24639C3900A64520 /* SearchFriends.h */,
				6471665B24639C3900A64520 /* SearchFriends.m */,
			);
			path = SearchFriends;
			sourceTree = "<group>";
		};
		6471665D2463A51900A64520 /* AddFriendCell */ = {
			isa = PBXGroup;
			children = (
				6471665E2463A56600A64520 /* AddFriendCell.h */,
				6471665F2463A56600A64520 /* AddFriendCell.m */,
			);
			path = AddFriendCell;
			sourceTree = "<group>";
		};
		6487B269248DEF2D00C7029B /* Tools */ = {
			isa = PBXGroup;
			children = (
				64CD635B2499E7FB007F78FF /* ImageCompressionTool */,
				64CD635A2499E7BB007F78FF /* IPTool */,
			);
			path = Tools;
			sourceTree = "<group>";
		};
		6487B279248E27BE00C7029B /* CustomCollectionView */ = {
			isa = PBXGroup;
			children = (
				6487B27D248E32B300C7029B /* CustomCollectionCell */,
				6487B27A248E281700C7029B /* CustomCollectionView.h */,
				6487B27B248E281700C7029B /* CustomCollectionView.m */,
			);
			path = CustomCollectionView;
			sourceTree = "<group>";
		};
		6487B27D248E32B300C7029B /* CustomCollectionCell */ = {
			isa = PBXGroup;
			children = (
				6487B27E248E331900C7029B /* CustomCollectionViewCell.h */,
				6487B27F248E331900C7029B /* CustomCollectionViewCell.m */,
			);
			path = CustomCollectionCell;
			sourceTree = "<group>";
		};
		64B07B8B24878DDB00031530 /* AudioRecorder */ = {
			isa = PBXGroup;
			children = (
				64B07B8C24878DDB00031530 /* AudioRecorder.h */,
				64B07B8D24878DDB00031530 /* AudioRecorder.m */,
			);
			path = AudioRecorder;
			sourceTree = "<group>";
		};
		64CD635A2499E7BB007F78FF /* IPTool */ = {
			isa = PBXGroup;
			children = (
				6487B276248E118B00C7029B /* IPManager.h */,
				6487B277248E118B00C7029B /* IPManager.m */,
			);
			path = IPTool;
			sourceTree = "<group>";
		};
		64CD635B2499E7FB007F78FF /* ImageCompressionTool */ = {
			isa = PBXGroup;
			children = (
				64CD63652499F0B4007F78FF /* UIImage+ImageCompressionTool.h */,
				64CD63662499F0B4007F78FF /* UIImage+ImageCompressionTool.m */,
			);
			path = ImageCompressionTool;
			sourceTree = "<group>";
		};
		E6DF606EE9C229478DC1DEA1 /* Frameworks */ = {
			isa = PBXGroup;
			children = (
				65095FAB929153C5791D780A /* Pods_IMXMPPDemo.framework */,
			);
			name = Frameworks;
			sourceTree = "<group>";
		};
/* End PBXGroup section */

/* Begin PBXNativeTarget section */
		64093B8F2460113C00C75DA3 /* IMXMPPDemo */ = {
			isa = PBXNativeTarget;
			buildConfigurationList = 64093BA62460114300C75DA3 /* Build configuration list for PBXNativeTarget "IMXMPPDemo" */;
			buildPhases = (
				5EE5171A0F42571C317BF853 /* [CP] Check Pods Manifest.lock */,
				64093B8C2460113C00C75DA3 /* Sources */,
				64093B8D2460113C00C75DA3 /* Frameworks */,
				64093B8E2460113C00C75DA3 /* Resources */,
				0A712B6ECC099D395FD8AACD /* [CP] Embed Pods Frameworks */,
			);
			buildRules = (
			);
			dependencies = (
			);
			name = IMXMPPDemo;
			productName = IMXMPPDemo;
			productReference = 64093B902460113C00C75DA3 /* XMPP即时通讯.app */;
			productType = "com.apple.product-type.application";
		};
/* End PBXNativeTarget section */

/* Begin PBXProject section */
		64093B882460113C00C75DA3 /* Project object */ = {
			isa = PBXProject;
			attributes = {
				LastUpgradeCheck = 1030;
				ORGANIZATIONNAME = PersonalONBYL;
				TargetAttributes = {
					64093B8F2460113C00C75DA3 = {
						CreatedOnToolsVersion = 10.3;
					};
				};
			};
			buildConfigurationList = 64093B8B2460113C00C75DA3 /* Build configuration list for PBXProject "IMXMPPDemo" */;
			compatibilityVersion = "Xcode 9.3";
			developmentRegion = en;
			hasScannedForEncodings = 0;
			knownRegions = (
				en,
				Base,
			);
			mainGroup = 64093B872460113C00C75DA3;
			productRefGroup = 64093B912460113C00C75DA3 /* Products */;
			projectDirPath = "";
			projectRoot = "";
			targets = (
				64093B8F2460113C00C75DA3 /* IMXMPPDemo */,
			);
		};
/* End PBXProject section */

/* Begin PBXResourcesBuildPhase section */
		64093B8E2460113C00C75DA3 /* Resources */ = {
			isa = PBXResourcesBuildPhase;
			buildActionMask = 2147483647;
			files = (
				64093BA02460114300C75DA3 /* LaunchScreen.storyboard in Resources */,
				64093B9D2460114300C75DA3 /* Assets.xcassets in Resources */,
				64093B9B2460113C00C75DA3 /* Main.storyboard in Resources */,
			);
			runOnlyForDeploymentPostprocessing = 0;
		};
/* End PBXResourcesBuildPhase section */

/* Begin PBXShellScriptBuildPhase section */
		0A712B6ECC099D395FD8AACD /* [CP] Embed Pods Frameworks */ = {
			isa = PBXShellScriptBuildPhase;
			buildActionMask = 2147483647;
			files = (
			);
			inputFileListPaths = (
				"${PODS_ROOT}/Target Support Files/Pods-IMXMPPDemo/Pods-IMXMPPDemo-frameworks-${CONFIGURATION}-input-files.xcfilelist",
			);
			name = "[CP] Embed Pods Frameworks";
			outputFileListPaths = (
				"${PODS_ROOT}/Target Support Files/Pods-IMXMPPDemo/Pods-IMXMPPDemo-frameworks-${CONFIGURATION}-output-files.xcfilelist",
			);
			runOnlyForDeploymentPostprocessing = 0;
			shellPath = /bin/sh;
			shellScript = "\"${PODS_ROOT}/Target Support Files/Pods-IMXMPPDemo/Pods-IMXMPPDemo-frameworks.sh\"\n";
			showEnvVarsInLog = 0;
		};
		5EE5171A0F42571C317BF853 /* [CP] Check Pods Manifest.lock */ = {
			isa = PBXShellScriptBuildPhase;
			buildActionMask = 2147483647;
			files = (
			);
			inputFileListPaths = (
			);
			inputPaths = (
				"${PODS_PODFILE_DIR_PATH}/Podfile.lock",
				"${PODS_ROOT}/Manifest.lock",
			);
			name = "[CP] Check Pods Manifest.lock";
			outputFileListPaths = (
			);
			outputPaths = (
				"$(DERIVED_FILE_DIR)/Pods-IMXMPPDemo-checkManifestLockResult.txt",
			);
			runOnlyForDeploymentPostprocessing = 0;
			shellPath = /bin/sh;
			shellScript = "diff \"${PODS_PODFILE_DIR_PATH}/Podfile.lock\" \"${PODS_ROOT}/Manifest.lock\" > /dev/null\nif [ $? != 0 ] ; then\n    # print error to STDERR\n    echo \"error: The sandbox is not in sync with the Podfile.lock. Run 'pod install' or update your CocoaPods installation.\" >&2\n    exit 1\nfi\n# This output is used by Xcode 'outputs' to avoid re-running this script phase.\necho \"SUCCESS\" > \"${SCRIPT_OUTPUT_FILE_0}\"\n";
			showEnvVarsInLog = 0;
		};
/* End PBXShellScriptBuildPhase section */

/* Begin PBXSourcesBuildPhase section */
		64093B8C2460113C00C75DA3 /* Sources */ = {
			isa = PBXSourcesBuildPhase;
			buildActionMask = 2147483647;
			files = (
				6406606424615F1700AF4975 /* SuperChatRoomCell.m in Sources */,
				6470597824694749005CEF12 /* AddressDataModel.m in Sources */,
				6470AE85246CDB5B008426F0 /* CreateGroupChatViewController.m in Sources */,
				6487B280248E331900C7029B /* CustomCollectionViewCell.m in Sources */,
				6470597C2469475E005CEF12 /* AddressSegmentView.m in Sources */,
				647166522463948600A64520 /* AddFriendViewController.m in Sources */,
				6471216724629D4A0078423F /* RosterListModel.m in Sources */,
				64065FE22460FC9C00AF4975 /* XmppManager.m in Sources */,
				6487B27C248E281700C7029B /* CustomCollectionView.m in Sources */,
				643B15D924A1F170006F0B57 /* ImageScrollViewController.m in Sources */,
				6421896424A04059008C0154 /* ChatRoomPictureCell.m in Sources */,
				6406606F24615FE000AF4975 /* FMDBOperation.m in Sources */,
				64093BB02460176C00C75DA3 /* LoginViewController.m in Sources */,
				6406605F24615F1700AF4975 /* ChatRecordViewController.m in Sources */,
				64B07B8E24878DDC00031530 /* AudioRecorder.m in Sources */,
				6406607724615FEF00AF4975 /* CustomTextView.m in Sources */,
				6472B5332491BD9400F7FD17 /* UserAuthorization.m in Sources */,
				6471665C24639C3900A64520 /* SearchFriends.m in Sources */,
				6406606B24615FA800AF4975 /* CommonMethods.m in Sources */,
				6470596A246946E9005CEF12 /* DetailInformationViewController.m in Sources */,
				6406605E24615F1700AF4975 /* ChatRecordModel.m in Sources */,
				6406606024615F1700AF4975 /* ChatRoomMenuView.m in Sources */,
				64065FE524614DA200AF4975 /* MainTabBarViewController.m in Sources */,
				6406606324615F1700AF4975 /* ChatRoomTextCell.m in Sources */,
				6470AE89246CDE19008426F0 /* CreateGroupChatCell.m in Sources */,
				64CD63672499F0B4007F78FF /* UIImage+ImageCompressionTool.m in Sources */,
				6406606524615F1700AF4975 /* ChatRoomViewController.m in Sources */,
				64093BA32460114300C75DA3 /* main.m in Sources */,
				6406606124615F1700AF4975 /* CollectionViewCell.m in Sources */,
				6406606C24615FA800AF4975 /* CommonComponentMethods.m in Sources */,
				6470597224694724005CEF12 /* SuperAddressCell.m in Sources */,
				64093B952460113C00C75DA3 /* AppDelegate.m in Sources */,
				6471216B2462AB220078423F /* XMLReader.m in Sources */,
				64065FEE2461519400AF4975 /* AddressViewController.m in Sources */,
				6406606224615F1700AF4975 /* CollectionViewFlowLayout.m in Sources */,
				64B07B9124879B3600031530 /* ChatRoomAudioCell.m in Sources */,
				6470597324694724005CEF12 /* AddressTableViewCell.m in Sources */,
				647166602463A56600A64520 /* AddFriendCell.m in Sources */,
				6470597424694724005CEF12 /* AddressSideView.m in Sources */,
				6406606624615F1700AF4975 /* ChatRoomModel.m in Sources */,
				6487B278248E118B00C7029B /* IPManager.m in Sources */,
				6406607624615FEF00AF4975 /* KeyboardView.m in Sources */,
				6406605D24615F1700AF4975 /* ChatRecordCell.m in Sources */,
			);
			runOnlyForDeploymentPostprocessing = 0;
		};
/* End PBXSourcesBuildPhase section */

/* Begin PBXVariantGroup section */
		64093B992460113C00C75DA3 /* Main.storyboard */ = {
			isa = PBXVariantGroup;
			children = (
				64093B9A2460113C00C75DA3 /* Base */,
			);
			name = Main.storyboard;
			sourceTree = "<group>";
		};
		64093B9E2460114300C75DA3 /* LaunchScreen.storyboard */ = {
			isa = PBXVariantGroup;
			children = (
				64093B9F2460114300C75DA3 /* Base */,
			);
			name = LaunchScreen.storyboard;
			sourceTree = "<group>";
		};
/* End PBXVariantGroup section */

/* Begin XCBuildConfiguration section */
		64093BA42460114300C75DA3 /* Debug */ = {
			isa = XCBuildConfiguration;
			buildSettings = {
				ALWAYS_SEARCH_USER_PATHS = NO;
				CLANG_ANALYZER_NONNULL = YES;
				CLANG_ANALYZER_NUMBER_OBJECT_CONVERSION = YES_AGGRESSIVE;
				CLANG_CXX_LANGUAGE_STANDARD = "gnu++14";
				CLANG_CXX_LIBRARY = "libc++";
				CLANG_ENABLE_MODULES = YES;
				CLANG_ENABLE_OBJC_ARC = YES;
				CLANG_ENABLE_OBJC_WEAK = YES;
				CLANG_WARN_BLOCK_CAPTURE_AUTORELEASING = YES;
				CLANG_WARN_BOOL_CONVERSION = YES;
				CLANG_WARN_COMMA = YES;
				CLANG_WARN_CONSTANT_CONVERSION = YES;
				CLANG_WARN_DEPRECATED_OBJC_IMPLEMENTATIONS = YES;
				CLANG_WARN_DIRECT_OBJC_ISA_USAGE = YES_ERROR;
				CLANG_WARN_DOCUMENTATION_COMMENTS = YES;
				CLANG_WARN_EMPTY_BODY = YES;
				CLANG_WARN_ENUM_CONVERSION = YES;
				CLANG_WARN_INFINITE_RECURSION = YES;
				CLANG_WARN_INT_CONVERSION = YES;
				CLANG_WARN_NON_LITERAL_NULL_CONVERSION = YES;
				CLANG_WARN_OBJC_IMPLICIT_RETAIN_SELF = YES;
				CLANG_WARN_OBJC_LITERAL_CONVERSION = YES;
				CLANG_WARN_OBJC_ROOT_CLASS = YES_ERROR;
				CLANG_WARN_RANGE_LOOP_ANALYSIS = YES;
				CLANG_WARN_STRICT_PROTOTYPES = YES;
				CLANG_WARN_SUSPICIOUS_MOVE = YES;
				CLANG_WARN_UNGUARDED_AVAILABILITY = YES_AGGRESSIVE;
				CLANG_WARN_UNREACHABLE_CODE = YES;
				CLANG_WARN__DUPLICATE_METHOD_MATCH = YES;
				CODE_SIGN_IDENTITY = "iPhone Developer";
				COPY_PHASE_STRIP = NO;
				DEBUG_INFORMATION_FORMAT = dwarf;
				ENABLE_STRICT_OBJC_MSGSEND = YES;
				ENABLE_TESTABILITY = YES;
				GCC_C_LANGUAGE_STANDARD = gnu11;
				GCC_DYNAMIC_NO_PIC = NO;
				GCC_NO_COMMON_BLOCKS = YES;
				GCC_OPTIMIZATION_LEVEL = 0;
				GCC_PREPROCESSOR_DEFINITIONS = (
					"DEBUG=1",
					"$(inherited)",
				);
				GCC_WARN_64_TO_32_BIT_CONVERSION = YES;
				GCC_WARN_ABOUT_RETURN_TYPE = YES_ERROR;
				GCC_WARN_UNDECLARED_SELECTOR = YES;
				GCC_WARN_UNINITIALIZED_AUTOS = YES_AGGRESSIVE;
				GCC_WARN_UNUSED_FUNCTION = YES;
				GCC_WARN_UNUSED_VARIABLE = YES;
				IPHONEOS_DEPLOYMENT_TARGET = 9.0;
				MTL_ENABLE_DEBUG_INFO = INCLUDE_SOURCE;
				MTL_FAST_MATH = YES;
				ONLY_ACTIVE_ARCH = YES;
				SDKROOT = iphoneos;
			};
			name = Debug;
		};
		64093BA52460114300C75DA3 /* Release */ = {
			isa = XCBuildConfiguration;
			buildSettings = {
				ALWAYS_SEARCH_USER_PATHS = NO;
				CLANG_ANALYZER_NONNULL = YES;
				CLANG_ANALYZER_NUMBER_OBJECT_CONVERSION = YES_AGGRESSIVE;
				CLANG_CXX_LANGUAGE_STANDARD = "gnu++14";
				CLANG_CXX_LIBRARY = "libc++";
				CLANG_ENABLE_MODULES = YES;
				CLANG_ENABLE_OBJC_ARC = YES;
				CLANG_ENABLE_OBJC_WEAK = YES;
				CLANG_WARN_BLOCK_CAPTURE_AUTORELEASING = YES;
				CLANG_WARN_BOOL_CONVERSION = YES;
				CLANG_WARN_COMMA = YES;
				CLANG_WARN_CONSTANT_CONVERSION = YES;
				CLANG_WARN_DEPRECATED_OBJC_IMPLEMENTATIONS = YES;
				CLANG_WARN_DIRECT_OBJC_ISA_USAGE = YES_ERROR;
				CLANG_WARN_DOCUMENTATION_COMMENTS = YES;
				CLANG_WARN_EMPTY_BODY = YES;
				CLANG_WARN_ENUM_CONVERSION = YES;
				CLANG_WARN_INFINITE_RECURSION = YES;
				CLANG_WARN_INT_CONVERSION = YES;
				CLANG_WARN_NON_LITERAL_NULL_CONVERSION = YES;
				CLANG_WARN_OBJC_IMPLICIT_RETAIN_SELF = YES;
				CLANG_WARN_OBJC_LITERAL_CONVERSION = YES;
				CLANG_WARN_OBJC_ROOT_CLASS = YES_ERROR;
				CLANG_WARN_RANGE_LOOP_ANALYSIS = YES;
				CLANG_WARN_STRICT_PROTOTYPES = YES;
				CLANG_WARN_SUSPICIOUS_MOVE = YES;
				CLANG_WARN_UNGUARDED_AVAILABILITY = YES_AGGRESSIVE;
				CLANG_WARN_UNREACHABLE_CODE = YES;
				CLANG_WARN__DUPLICATE_METHOD_MATCH = YES;
				CODE_SIGN_IDENTITY = "iPhone Developer";
				COPY_PHASE_STRIP = NO;
				DEBUG_INFORMATION_FORMAT = "dwarf-with-dsym";
				ENABLE_NS_ASSERTIONS = NO;
				ENABLE_STRICT_OBJC_MSGSEND = YES;
				GCC_C_LANGUAGE_STANDARD = gnu11;
				GCC_NO_COMMON_BLOCKS = YES;
				GCC_WARN_64_TO_32_BIT_CONVERSION = YES;
				GCC_WARN_ABOUT_RETURN_TYPE = YES_ERROR;
				GCC_WARN_UNDECLARED_SELECTOR = YES;
				GCC_WARN_UNINITIALIZED_AUTOS = YES_AGGRESSIVE;
				GCC_WARN_UNUSED_FUNCTION = YES;
				GCC_WARN_UNUSED_VARIABLE = YES;
				IPHONEOS_DEPLOYMENT_TARGET = 9.0;
				MTL_ENABLE_DEBUG_INFO = NO;
				MTL_FAST_MATH = YES;
				SDKROOT = iphoneos;
				VALIDATE_PRODUCT = YES;
			};
			name = Release;
		};
		64093BA72460114300C75DA3 /* Debug */ = {
			isa = XCBuildConfiguration;
			baseConfigurationReference = 91276AE7DC66FE3F484D82D5 /* Pods-IMXMPPDemo.debug.xcconfig */;
			buildSettings = {
				ASSETCATALOG_COMPILER_APPICON_NAME = AppIcon;
				CODE_SIGN_STYLE = Automatic;
				DEVELOPMENT_TEAM = 7YYRDAUH4V;
				GCC_PRECOMPILE_PREFIX_HEADER = YES;
				GCC_PREFIX_HEADER = "$(SRCROOT)/IMXMPPDemo/SupportFiles/IM-Prefix.pch";
				INFOPLIST_FILE = IMXMPPDemo/Info.plist;
				LD_RUNPATH_SEARCH_PATHS = (
					"$(inherited)",
					"@executable_path/Frameworks",
				);
				PRODUCT_BUNDLE_IDENTIFIER = com.PersonalONBYL.IMXMPPDemo;
				PRODUCT_NAME = "XMPP即时通讯";
				TARGETED_DEVICE_FAMILY = "1,2";
			};
			name = Debug;
		};
		64093BA82460114300C75DA3 /* Release */ = {
			isa = XCBuildConfiguration;
			baseConfigurationReference = 68AE98748654903ADA77D050 /* Pods-IMXMPPDemo.release.xcconfig */;
			buildSettings = {
				ASSETCATALOG_COMPILER_APPICON_NAME = AppIcon;
				CODE_SIGN_STYLE = Automatic;
				DEVELOPMENT_TEAM = 7YYRDAUH4V;
				GCC_PRECOMPILE_PREFIX_HEADER = YES;
				GCC_PREFIX_HEADER = "$(SRCROOT)/IMXMPPDemo/SupportFiles/IM-Prefix.pch";
				INFOPLIST_FILE = IMXMPPDemo/Info.plist;
				LD_RUNPATH_SEARCH_PATHS = (
					"$(inherited)",
					"@executable_path/Frameworks",
				);
				PRODUCT_BUNDLE_IDENTIFIER = com.PersonalONBYL.IMXMPPDemo;
				PRODUCT_NAME = "XMPP即时通讯";
				TARGETED_DEVICE_FAMILY = "1,2";
			};
			name = Release;
		};
/* End XCBuildConfiguration section */

/* Begin XCConfigurationList section */
		64093B8B2460113C00C75DA3 /* Build configuration list for PBXProject "IMXMPPDemo" */ = {
			isa = XCConfigurationList;
			buildConfigurations = (
				64093BA42460114300C75DA3 /* Debug */,
				64093BA52460114300C75DA3 /* Release */,
			);
			defaultConfigurationIsVisible = 0;
			defaultConfigurationName = Release;
		};
		64093BA62460114300C75DA3 /* Build configuration list for PBXNativeTarget "IMXMPPDemo" */ = {
			isa = XCConfigurationList;
			buildConfigurations = (
				64093BA72460114300C75DA3 /* Debug */,
				64093BA82460114300C75DA3 /* Release */,
			);
			defaultConfigurationIsVisible = 0;
			defaultConfigurationName = Release;
		};
/* End XCConfigurationList section */
	};
	rootObject = 64093B882460113C00C75DA3 /* Project object */;
}
